version = 1
revision = 3
requires-python = ">=3.8"
resolution-markers = [
    "python_full_version >= '3.9'",
    "python_full_version < '3.9'",
]

[[package]]
name = "pip"
version = "25.0.1"
source = { registry = "https://pypi.org/simple" }
resolution-markers = [
    "python_full_version < '3.9'",
]
sdist = { url = "https://files.pythonhosted.org/packages/70/53/b309b4a497b09655cb7e07088966881a57d082f48ac3cb54ea729fd2c6cf/pip-25.0.1.tar.gz", hash = "sha256:88f96547ea48b940a3a385494e181e29fb8637898f88d88737c5049780f196ea", size = 1950850, upload-time = "2025-02-09T17:14:04.423Z" }
wheels = [
    { url = "https://files.pythonhosted.org/packages/c9/bc/b7db44f5f39f9d0494071bddae6880eb645970366d0a200022a1a93d57f5/pip-25.0.1-py3-none-any.whl", hash = "sha256:c46efd13b6aa8279f33f2864459c8ce587ea6a1a59ee20de055868d8f7688f7f", size = 1841526, upload-time = "2025-02-09T17:14:01.463Z" },
]

[[package]]
name = "pip"
version = "25.2"
source = { registry = "https://pypi.org/simple" }
resolution-markers = [
    "python_full_version >= '3.9'",
]
sdist = { url = "https://files.pythonhosted.org/packages/20/16/650289cd3f43d5a2fadfd98c68bd1e1e7f2550a1a5326768cddfbcedb2c5/pip-25.2.tar.gz", hash = "sha256:578283f006390f85bb6282dffb876454593d637f5d1be494b5202ce4877e71f2", size = 1840021, upload-time = "2025-07-30T21:50:15.401Z" }
wheels = [
    { url = "https://files.pythonhosted.org/packages/b7/3f/945ef7ab14dc4f9d7f40288d2df998d1837ee0888ec3659c813487572faa/pip-25.2-py3-none-any.whl", hash = "sha256:6d67a2b4e7f14d8b31b8b52648866fa717f45a1eb70e83002f4331d07e953717", size = 1752557, upload-time = "2025-07-30T21:50:13.323Z" },
]

[[package]]
name = "rpm"
version = "0.4.0"
source = { registry = "https://pypi.org/simple" }
sdist = { url = "https://files.pythonhosted.org/packages/bd/ce/8db44d2b8fd6713a59e391d12b6816854b7bee8121ae7370c2d565de4265/rpm-0.4.0.tar.gz", hash = "sha256:79adbefa82318e2625d6e4fa16666cf88543498a1f2c10dc3879165d1dc3ecee", size = 11237, upload-time = "2025-04-08T08:57:26.261Z" }
wheels = [
    { url = "https://files.pythonhosted.org/packages/17/96/0f4e9ba318c6e09b76357ee88d6c73101f8799f8ed707cfdc1df131b4234/rpm-0.4.0-py3-none-any.whl", hash = "sha256:0ef697cb5fb73bf9300a13d423529d7ec215239bf95c5ecb145e6610645f6067", size = 5151, upload-time = "2025-04-08T08:57:24.971Z" },
]

[[package]]
name = "tinytorch"
version = "0.0.1"
source = { editable = "." }
dependencies = [
    { name = "pip", version = "25.0.1", source = { registry = "https://pypi.org/simple" }, marker = "python_full_version < '3.9'" },
    { name = "pip", version = "25.2", source = { registry = "https://pypi.org/simple" }, marker = "python_full_version >= '3.9'" },
    { name = "rpm" },
]

[package.metadata]
requires-dist = [
    { name = "pip", specifier = ">=25.0.1" },
    { name = "rpm", specifier = ">=0.4.0" },
]
